
Microsoft Visual Studio Solution File, Format Version 12.00
# Visual Studio Version 17
VisualStudioVersion = 17.14.36705.20
MinimumVisualStudioVersion = 10.0.40219.1
Project("{FAE04EC0-301F-11D3-BF4B-00C04F79EFBC}") = "ToDoBasicList.Presentation", "src\ToDoBasicList.Presentation\ToDoBasicList.Presentation.csproj", "{F3226D2D-6729-4688-B39E-6A60730A281C}"
EndProject
Project("{FAE04EC0-301F-11D3-BF4B-00C04F79EFBC}") = "ToDoBasicList.Core", "src\ToDoBasicList.Core\ToDoBasicList.Core.csproj", "{86799EF7-E75D-454E-A85E-B527B62C5424}"
EndProject
Project("{FAE04EC0-301F-11D3-BF4B-00C04F79EFBC}") = "ToDoBasicList.Infrastructure", "src\ToDoBasicList.Infrastructure\ToDoBasicList.Infrastructure.csproj", "{2764A95F-57E0-4FF8-824C-56D00CBCD427}"
EndProject
Global
	GlobalSection(SolutionConfigurationPlatforms) = preSolution
		Debug|Any CPU = Debug|Any CPU
		Debug|x64 = Debug|x64
		Debug|x86 = Debug|x86
		Release|Any CPU = Release|Any CPU
		Release|x64 = Release|x64
		Release|x86 = Release|x86
	EndGlobalSection
	GlobalSection(ProjectConfigurationPlatforms) = postSolution
		{F3226D2D-6729-4688-B39E-6A60730A281C}.Debug|Any CPU.ActiveCfg = Debug|Any CPU
		{F3226D2D-6729-4688-B39E-6A60730A281C}.Debug|Any CPU.Build.0 = Debug|Any CPU
		{F3226D2D-6729-4688-B39E-6A60730A281C}.Debug|x64.ActiveCfg = Debug|Any CPU
		{F3226D2D-6729-4688-B39E-6A60730A281C}.Debug|x64.Build.0 = Debug|Any CPU
		{F3226D2D-6729-4688-B39E-6A60730A281C}.Debug|x86.ActiveCfg = Debug|Any CPU
		{F3226D2D-6729-4688-B39E-6A60730A281C}.Debug|x86.Build.0 = Debug|Any CPU
		{F3226D2D-6729-4688-B39E-6A60730A281C}.Release|Any CPU.ActiveCfg = Release|Any CPU
		{F3226D2D-6729-4688-B39E-6A60730A281C}.Release|Any CPU.Build.0 = Release|Any CPU
		{F3226D2D-6729-4688-B39E-6A60730A281C}.Release|x64.ActiveCfg = Release|Any CPU
		{F3226D2D-6729-4688-B39E-6A60730A281C}.Release|x64.Build.0 = Release|Any CPU
		{F3226D2D-6729-4688-B39E-6A60730A281C}.Release|x86.ActiveCfg = Release|Any CPU
		{F3226D2D-6729-4688-B39E-6A60730A281C}.Release|x86.Build.0 = Release|Any CPU
		{86799EF7-E75D-454E-A85E-B527B62C5424}.Debug|Any CPU.ActiveCfg = Debug|Any CPU
		{86799EF7-E75D-454E-A85E-B527B62C5424}.Debug|Any CPU.Build.0 = Debug|Any CPU
		{86799EF7-E75D-454E-A85E-B527B62C5424}.Debug|x64.ActiveCfg = Debug|Any CPU
		{86799EF7-E75D-454E-A85E-B527B62C5424}.Debug|x64.Build.0 = Debug|Any CPU
		{86799EF7-E75D-454E-A85E-B527B62C5424}.Debug|x86.ActiveCfg = Debug|Any CPU
		{86799EF7-E75D-454E-A85E-B527B62C5424}.Debug|x86.Build.0 = Debug|Any CPU
		{86799EF7-E75D-454E-A85E-B527B62C5424}.Release|Any CPU.ActiveCfg = Release|Any CPU
		{86799EF7-E75D-454E-A85E-B527B62C5424}.Release|Any CPU.Build.0 = Release|Any CPU
		{86799EF7-E75D-454E-A85E-B527B62C5424}.Release|x64.ActiveCfg = Release|Any CPU
		{86799EF7-E75D-454E-A85E-B527B62C5424}.Release|x64.Build.0 = Release|Any CPU
		{86799EF7-E75D-454E-A85E-B527B62C5424}.Release|x86.ActiveCfg = Release|Any CPU
		{86799EF7-E75D-454E-A85E-B527B62C5424}.Release|x86.Build.0 = Release|Any CPU
		{2764A95F-57E0-4FF8-824C-56D00CBCD427}.Debug|Any CPU.ActiveCfg = Debug|Any CPU
		{2764A95F-57E0-4FF8-824C-56D00CBCD427}.Debug|Any CPU.Build.0 = Debug|Any CPU
		{2764A95F-57E0-4FF8-824C-56D00CBCD427}.Debug|x64.ActiveCfg = Debug|Any CPU
		{2764A95F-57E0-4FF8-824C-56D00CBCD427}.Debug|x64.Build.0 = Debug|Any CPU
		{2764A95F-57E0-4FF8-824C-56D00CBCD427}.Debug|x86.ActiveCfg = Debug|Any CPU
		{2764A95F-57E0-4FF8-824C-56D00CBCD427}.Debug|x86.Build.0 = Debug|Any CPU
		{2764A95F-57E0-4FF8-824C-56D00CBCD427}.Release|Any CPU.ActiveCfg = Release|Any CPU
		{2764A95F-57E0-4FF8-824C-56D00CBCD427}.Release|Any CPU.Build.0 = Release|Any CPU
		{2764A95F-57E0-4FF8-824C-56D00CBCD427}.Release|x64.ActiveCfg = Release|Any CPU
		{2764A95F-57E0-4FF8-824C-56D00CBCD427}.Release|x64.Build.0 = Release|Any CPU
		{2764A95F-57E0-4FF8-824C-56D00CBCD427}.Release|x86.ActiveCfg = Release|Any CPU
		{2764A95F-57E0-4FF8-824C-56D00CBCD427}.Release|x86.Build.0 = Release|Any CPU
	EndGlobalSection
	GlobalSection(SolutionProperties) = preSolution
		HideSolutionNode = FALSE
	EndGlobalSection
	GlobalSection(ExtensibilityGlobals) = postSolution
		SolutionGuid = {BEE4B1FE-0B0C-4DE9-B576-5D5A6AE59147}
	EndGlobalSection
EndGlobal
