
Microsoft Visual Studio Solution File, Format Version 12.00
# Visual Studio Version 17
VisualStudioVersion = 17.14.36705.20 d17.14
MinimumVisualStudioVersion = 10.0.40219.1
Project("{FAE04EC0-301F-11D3-BF4B-00C04F79EFBC}") = "ToDoBasicList", "ToDoBasicList.csproj", "{F3226D2D-6729-4688-B39E-6A60730A281C}"
EndProject
Global
	GlobalSection(SolutionConfigurationPlatforms) = preSolution
		Debug|Any CPU = Debug|Any CPU
		Release|Any CPU = Release|Any CPU
	EndGlobalSection
	GlobalSection(ProjectConfigurationPlatforms) = postSolution
		{F3226D2D-6729-4688-B39E-6A60730A281C}.Debug|Any CPU.ActiveCfg = Debug|Any CPU
		{F3226D2D-6729-4688-B39E-6A60730A281C}.Debug|Any CPU.Build.0 = Debug|Any CPU
		{F3226D2D-6729-4688-B39E-6A60730A281C}.Release|Any CPU.ActiveCfg = Release|Any CPU
		{F3226D2D-6729-4688-B39E-6A60730A281C}.Release|Any CPU.Build.0 = Release|Any CPU
	EndGlobalSection
	GlobalSection(SolutionProperties) = preSolution
		HideSolutionNode = FALSE
	EndGlobalSection
	GlobalSection(ExtensibilityGlobals) = postSolution
		SolutionGuid = {BEE4B1FE-0B0C-4DE9-B576-5D5A6AE59147}
	EndGlobalSection
EndGlobal
